
Microsoft Visual Studio Solution File, Format Version 12.00
# Visual Studio Version 17
VisualStudioVersion = 17.9.34622.214
MinimumVisualStudioVersion = 10.0.40219.1
Project("{8BC9CEB8-8B4A-11D0-8D11-00A0C91BC942}") = "c-language", "c-language\c-language.vcxproj", "{F33F4CF3-1422-4263-9CD6-0269A9001692}"
EndProject
Global
	GlobalSection(SolutionConfigurationPlatforms) = preSolution
		Debug|x64 = Debug|x64
		Debug|x86 = Debug|x86
		Release|x64 = Release|x64
		Release|x86 = Release|x86
	EndGlobalSection
	GlobalSection(ProjectConfigurationPlatforms) = postSolution
		{F33F4CF3-1422-4263-9CD6-0269A9001692}.Debug|x64.ActiveCfg = Debug|x64
		{F33F4CF3-1422-4263-9CD6-0269A9001692}.Debug|x64.Build.0 = Debug|x64
		{F33F4CF3-1422-4263-9CD6-0269A9001692}.Debug|x86.ActiveCfg = Debug|Win32
		{F33F4CF3-1422-4263-9CD6-0269A9001692}.Debug|x86.Build.0 = Debug|Win32
		{F33F4CF3-1422-4263-9CD6-0269A9001692}.Release|x64.ActiveCfg = Release|x64
		{F33F4CF3-1422-4263-9CD6-0269A9001692}.Release|x64.Build.0 = Release|x64
		{F33F4CF3-1422-4263-9CD6-0269A9001692}.Release|x86.ActiveCfg = Release|Win32
		{F33F4CF3-1422-4263-9CD6-0269A9001692}.Release|x86.Build.0 = Release|Win32
	EndGlobalSection
	GlobalSection(SolutionProperties) = preSolution
		HideSolutionNode = FALSE
	EndGlobalSection
	GlobalSection(ExtensibilityGlobals) = postSolution
		SolutionGuid = {895D9243-88FD-408D-8216-079684FBC4FA}
	EndGlobalSection
EndGlobal
