<?xml version="1.0" encoding="utf-8"?>
<Project ToolsVersion="4.0" xmlns="http://schemas.microsoft.com/developer/msbuild/2003">
  <ItemGroup>
    <ClCompile Include="address_operator.c" />
    <ClCompile Include="add_two_numbers.c" />
    <ClCompile Include="add_two_numbers_with_function.c" />
    <ClCompile Include="add_two_numbers_with_function_prototype.c" />
    <ClCompile Include="add_two_numbers_with_prototype_using_scanf.c" />
    <ClCompile Include="adventure.c" />
    <ClCompile Include="area.c" />
    <ClCompile Include="arithmetic_sequence.c" />
    <ClCompile Include="18_Arrays\ArrayOne1.c" />
    <ClCompile Include="18_Arrays\ArrayOne2.c" />
    <ClCompile Include="18_Arrays\ArrayOne3.c" />
    <ClCompile Include="18_Arrays\array_description.c" />
    <ClCompile Include="18_Arrays\array_element_circulation.c" />
    <ClCompile Include="18_Arrays\array_index.c" />
    <ClCompile Include="18_Arrays\array_init.c" />
    <ClCompile Include="18_Arrays\array_initializer.c" />
    <ClCompile Include="18_Arrays\array_one1.c" />
    <ClCompile Include="18_Arrays\array_one2.c" />
    <ClCompile Include="18_Arrays\array_one3.c" />
    <ClCompile Include="18_Arrays\array_student.c" />
    <ClCompile Include="18_Arrays\array_total_avg.c" />
    <ClCompile Include="18_Arrays\array_two_description.c" />
    <ClCompile Include="18_Arrays\array_while.c" />
    <ClCompile Include="array_save_point.c" />
    <ClCompile Include="array_sum.c" />
    <ClCompile Include="array_sum_operator.c" />
    <ClCompile Include="assignment_operator.c" />
    <ClCompile Include="binary_array_to_integer_conversion.c" />
    <ClCompile Include="binary_to_decimal.c" />
    <ClCompile Include="binary_to_integer_output.c" />
    <ClCompile Include="ddadan.c" />
    <ClCompile Include="double_function_add.c" />
    <ClCompile Include="do_while_exam.c" />
    <ClCompile Include="gambler.c" />
    <ClCompile Include="generate_message.c" />
    <ClCompile Include="grade_with_if.c" />
    <ClCompile Include="I_return\10_for_while_do_while.c" />
    <ClCompile Include="I_return\11_array.c" />
    <ClCompile Include="I_return\1_1_input_output.c" />
    <ClCompile Include="I_return\1_input_output.c" />
    <ClCompile Include="I_return\2_1_input_output_with_user.c" />
    <ClCompile Include="I_return\2_input_output_with_user.c" />
    <ClCompile Include="I_return\3_input_output_sum.c" />
    <ClCompile Include="I_return\4_input_output_odd_even.c" />
    <ClCompile Include="I_return\5_input_output_string.c" />
    <ClCompile Include="I_return\6_format_specifier.c" />
    <ClCompile Include="I_return\7_data_type.c" />
    <ClCompile Include="I_return\8_operators.c" />
    <ClCompile Include="I_return\9_if_else.c" />
    <ClCompile Include="I_return\legendary_code.c" />
    <ClCompile Include="I_return\space.c" />
    <ClCompile Include="local_variable.c" />
    <ClCompile Include="local_variable_with_function.c" />
    <ClCompile Include="maze.c" />
    <ClCompile Include="09_Operators\bitwise_and_operation.c" />
    <ClCompile Include="09_Operators\bitwise_right_shift_operation.c" />
    <ClCompile Include="bool_demo.c" />
    <ClCompile Include="17_BreakContinueGo\break_demo.c" />
    <ClCompile Include="17_BreakContinueGo\break_for.c" />
    <ClCompile Include="calculate_cube.c" />
    <ClCompile Include="casting_operator.c" />
    <ClCompile Include="change.c" />
    <ClCompile Include="18_Arrays\character_array.c" />
    <ClCompile Include="char_type_overflow.c" />
    <ClCompile Include="code_block.c" />
    <ClCompile Include="code_block_single_multiple.c" />
    <ClCompile Include="common_characters.c" />
    <ClCompile Include="conditional_bitwise_operation.c" />
    <ClCompile Include="continue_demo.c" />
    <ClCompile Include="control.c" />
    <ClCompile Include="CWU_The_First_thing.c" />
    <ClCompile Include="CWU_While_Scanf_Case.c" />
    <ClCompile Include="CW\all_in_one.c" />
    <ClCompile Include="CW\convert.c" />
    <ClCompile Include="CW\c_cw_semester_one.c" />
    <ClCompile Include="CW\c_cw_semester_one_with_blackwall.c" />
    <ClCompile Include="CW\test_semester_one_last.c" />
    <ClCompile Include="decimal_to_binary.c" />
    <ClCompile Include="diamond_docs.c" />
    <ClCompile Include="division_two.c" />
    <ClCompile Include="double_and.c" />
    <ClCompile Include="do_while_not_negative_number.c" />
    <ClCompile Include="13_If\else.c" />
    <ClCompile Include="else_nested.c" />
    <ClCompile Include="else_note.c" />
    <ClCompile Include="even_index_sum.c" />
    <ClCompile Include="factorial_calculation.c" />
    <ClCompile Include="factorial_recursion.c" />
    <ClCompile Include="find_gem.c" />
    <ClCompile Include="floating_point.c" />
    <ClCompile Include="15_For\for.c" />
    <ClCompile Include="15_For\for_description_up.c" />
    <ClCompile Include="15_For\for_increment.c" />
    <ClCompile Include="15_For\for_loop.c" />
    <ClCompile Include="19_Functions\function.c" />
    <ClCompile Include="19_Functions\function_add.c" />
    <ClCompile Include="19_Functions\function_argument.c" />
    <ClCompile Include="19_Functions\function_call.c" />
    <ClCompile Include="19_Functions\function_demo.c" />
    <ClCompile Include="19_Functions\function_parameter.c" />
    <ClCompile Include="19_Functions\function_repeat.c" />
    <ClCompile Include="19_Functions\function_return.c" />
    <ClCompile Include="19_Functions\function_return_call.c" />
    <ClCompile Include="19_Functions\function_return_value.c" />
    <ClCompile Include="goto.c" />
    <ClCompile Include="hexa.c" />
    <ClCompile Include="ID.c" />
    <ClCompile Include="13_If\if_and.c" />
    <ClCompile Include="13_If\if_demo.c" />
    <ClCompile Include="13_If\if_else.c" />
    <ClCompile Include="13_If\if_example.c" />
    <ClCompile Include="13_If\if_nested.c" />
    <ClCompile Include="10_AssignmentIncrement\increment_decrement_operation.c" />
    <ClCompile Include="int_average_not_negative.c" />
    <ClCompile Include="19_Functions\max_of_three.c" />
    <ClCompile Include="minus_one.c" />
    <ClCompile Include="modulus_operation_result.c" />
    <ClCompile Include="multiple_two.c" />
    <ClCompile Include="multiplication_table.c" />
    <ClCompile Include="odd_even_ten.c" />
    <ClCompile Include="original_for.c" />
    <ClCompile Include="plus_one.c" />
    <ClCompile Include="power_function_example.c" />
    <ClCompile Include="praxis.c" />
    <ClCompile Include="prime_factor_max.c" />
    <ClCompile Include="rand\quiz.c" />
    <ClCompile Include="rand\quiz_point.c" />
    <ClCompile Include="random_numbers.c" />
    <ClCompile Include="return_value.c" />
    <ClCompile Include="bit_and.c" />
    <ClCompile Include="09_Operators\bitwise_assignment.c" />
    <ClCompile Include="review\review_basic_structure.c" />
    <ClCompile Include="role_playing_game.c" />
    <ClCompile Include="seetris.c" />
    <ClCompile Include="self_testing.c" />
    <ClCompile Include="sequence_demo.c" />
    <ClCompile Include="sigma.c" />
    <ClCompile Include="signed_integer.c" />
    <ClCompile Include="simple_c_calculator.c" />
    <ClCompile Include="single_multiple.c" />
    <ClCompile Include="slash_n.c" />
    <ClCompile Include="star_square.c" />
    <ClCompile Include="strcmp.c" />
    <ClCompile Include="Algorithms\sum_algorithm.c" />
    <ClCompile Include="sumtime.c" />
    <ClCompile Include="sum_of_arithmetic_sequences.c" />
    <ClCompile Include="switch.c" />
    <ClCompile Include="switch_demo.c" />
    <ClCompile Include="switch_if_for_while.c" />
    <ClCompile Include="tests\character_and_integer_outputs.c" />
    <ClCompile Include="07_Chars\character_demo.c" />
    <ClCompile Include="character_escape_sequence.c" />
    <ClCompile Include="char_to_int.c" />
    <ClCompile Include="compare_two_numbers.c" />
    <ClCompile Include="constant_demo.c" />
    <ClCompile Include="c_big_picture.c" />
    <ClCompile Include="decrement_number.c" />
    <ClCompile Include="empty_statement.c" />
    <ClCompile Include="example_calculate_area_circumference_of_circle.c" />
    <ClCompile Include="15_For\for_description.c" />
    <ClCompile Include="15_For\for_if_continue.c" />
    <ClCompile Include="garbage.c" />
    <ClCompile Include="getchar_putchar.c" />
    <ClCompile Include="gets_puts.c" />
    <ClCompile Include="goto_demo.c" />
    <ClCompile Include="03_HelloWorld\hello_world.c" />
    <ClCompile Include="13_If\if.c" />
    <ClCompile Include="13_If\if_not.c" />
    <ClCompile Include="10_AssignmentIncrement\increment_number.c" />
    <ClCompile Include="10_AssignmentIncrement\increment_operator.c" />
    <ClCompile Include="input_real_number.c" />
    <ClCompile Include="input_two_integer_.c" />
    <ClCompile Include="06_Numbers\integear_type.c" />
    <ClCompile Include="integer_overflow.c" />
    <ClCompile Include="integer_size.c" />
    <ClCompile Include="literal.c" />
    <ClCompile Include="09_Operators\logical_and.c" />
    <ClCompile Include="logical_not.c" />
    <ClCompile Include="logical_or.c" />
    <ClCompile Include="logical_test.c" />
    <ClCompile Include="only_multiples.c" />
    <ClCompile Include="postfix_operator.c" />
    <ClCompile Include="print_format_demo.c" />
    <ClCompile Include="rectangle_area.c" />
    <ClCompile Include="11_RelationalLogical\relational_operator.c" />
    <ClCompile Include="relational_test.c" />
    <ClCompile Include="09_Operators\remainder.c" />
    <ClCompile Include="08_Scanf\scanf.c" />
    <ClCompile Include="scanf_arithmetic.c" />
    <ClCompile Include="scanf_multi_line.c" />
    <ClCompile Include="shortcut_operator.c" />
    <ClCompile Include="string.c" />
    <ClCompile Include="string_demo.c" />
    <ClCompile Include="string_literal.c" />
    <ClCompile Include="string_with_char_array.c" />
    <ClCompile Include="swap_demo.c" />
    <ClCompile Include="switch_expression.c" />
    <ClCompile Include="switch_statement.c" />
    <ClCompile Include="switch_test.c" />
    <ClCompile Include="switch_weather.c" />
    <ClCompile Include="tests\complex_logical_operation.c" />
    <ClCompile Include="conditional_operator.c" />
    <ClCompile Include="tests\conditional_operator_usage.c" />
    <ClCompile Include="tests\currency_count.c" />
    <ClCompile Include="tests\even_odd_count.c" />
    <ClCompile Include="tests\logical_operators_test.c" />
    <ClCompile Include="tests\operator_usage.c" />
    <ClCompile Include="shift_operator.c" />
    <ClCompile Include="tests\string_pointer_usage.c" />
    <ClCompile Include="tests\sum_of_multiples_of_seven.c" />
    <ClCompile Include="tests\switch_execution_flow.c" />
    <ClCompile Include="the_greatest_common_measure.c" />
    <ClCompile Include="twice.c" />
    <ClCompile Include="ultimate.c" />
    <ClCompile Include="unsigned_int.c" />
    <ClCompile Include="unsigned_integer_type.c" />
    <ClCompile Include="05_Variables\variable.c" />
    <ClCompile Include="variable_operations_and_output.c" />
    <ClCompile Include="variable_same_value.c" />
    <ClCompile Include="16_While\while_demo.c" />
    <ClCompile Include="16_While\while_description.c" />
    <ClCompile Include="16_While\while_sum_break.c" />
    <ClCompile Include="16_While\why_array.c" />
    <ClCompile Include="while_integer.c" />
    <ClCompile Include="_.c" />
    <ClCompile Include="array_pointer_example.c" />
    <ClCompile Include="pointer_operator.c" />
    <ClCompile Include="array_pointer_sizeof.c" />
    <ClCompile Include="sizeof.c" />
    <ClCompile Include="array_pointer_pointer_array.c" />
    <ClCompile Include="pointer_file.c" />
    <ClCompile Include="escape_sequence.c" />
    <ClCompile Include="file.c" />
    <ClCompile Include="file_pointer_if_null.c" />
    <ClCompile Include="struct.c" />
    <ClCompile Include="struct_score.c" />
    <ClCompile Include="swap.c" />
    <ClCompile Include="selection_sort.c" />
    <ClCompile Include="selection_sort_with_function.c" />
    <ClCompile Include="selection_sort_algorithm.c" />
    <ClCompile Include="bit_right.c" />
    <ClCompile Include="local_variable_with_garbage.c" />
    <ClCompile Include="local_variable_function.c" />
    <ClCompile Include="function_create.c" />
    <ClCompile Include="global_local_variable.c" />
    <ClCompile Include="local_function.c" />
    <ClCompile Include="pass_by_value.c" />
    <ClCompile Include="variable_hide_shadow.c" />
    <ClCompile Include="facotrial_recursion.c" />
    <ClCompile Include="function_prototype_definition.c" />
    <ClCompile Include="array_concept.c" />
    <ClCompile Include="symbolic_constant.c" />
    <ClCompile Include="address_operator_comparison.c" />
    <ClCompile Include="file_pointer_fprintf_fscanf.c" />
    <ClCompile Include="file_pointer_fputc_fgetc.c" />
    <ClCompile Include="file_pointer_stdlib.c" />
    <ClCompile Include="temp_c.c" />
    <ClCompile Include="array_copy.c" />
    <ClCompile Include="symbolic_function_array.c" />
    <ClCompile Include="function_parameter_array.c" />
    <ClCompile Include="call_function_in_while.c" />
    <ClCompile Include="conversion.c" />
    <ClCompile Include="array_element_access_expression.c" />
    <ClCompile Include="struct_c.c" />
    <ClCompile Include="struct_strcpy.c" />
    <ClCompile Include="nested_struct.c" />
    <ClCompile Include="struct_array.c" />
    <ClCompile Include="lowercase_uppercase_ascii.c" />
    <ClCompile Include="typedef.c" />
    <ClCompile Include="typedef_basic.c" />
    <ClCompile Include="typedef_struct_name.c" />
    <ClCompile Include="typedef_later.c" />
    <ClCompile Include="struct_pointer.c" />
    <ClCompile Include="call_by_value.c" />
    <ClCompile Include="call_by_value_array.c" />
    <ClCompile Include="selection_algorithm.c" />
    <ClCompile Include="print_parkour.c" />
    <ClCompile Include="ASCII.c" />
    <ClCompile Include="sum_1_100.c" />
    <ClCompile Include="sum_1_100_even.c" />
    <ClCompile Include="intersection.c" />
    <ClCompile Include="ascii_a.c" />
    <ClCompile Include="string_connect.c" />
    <ClCompile Include="string_connect_while.c" />
    <ClCompile Include="percent_operator.c" />
    <ClCompile Include="equival.c" />
    <ClCompile Include="equival_class.c" />
    <ClCompile Include="equival_classes.c" />
    <ClCompile Include="operator_form.c" />
    <ClCompile Include="getchar.c" />
    <ClCompile Include="multiple.c" />
    <ClCompile Include="hundred.c" />
    <ClCompile Include="plus_or_multiple.c" />
    <ClCompile Include="division_two_number.c" />
    <ClCompile Include="dimension_two_string_array.c" />
    <ClCompile Include="a_int_char.c" />
    <ClCompile Include="printf_speci.c" />
    <ClCompile Include="printf_division.c" />
    <ClCompile Include="percent_operator_extension.c" />
    <ClCompile Include="char_operation.c" />
    <ClCompile Include="array_operation.c" />
    <ClCompile Include="for_skip_output.c" />
    <ClCompile Include="float_percent_zero.c" />
    <ClCompile Include="int_float_extenstion.c" />
  </ItemGroup>
  <ItemGroup>
    <ClInclude Include="twice.h" />
  </ItemGroup>
  <ItemGroup>
    <None Include="01_Start\c-language-start.md" />
    <None Include="14_Switch\c-language-switch.md" />
    <None Include="20_Exam\c-language-exam.md" />
    <None Include="21_API\c-language-api.md" />
    <None Include="23_Enum\c-language-enumeration.md" />
    <None Include="24_Pointer\c-language-pointer.md" />
    <None Include="25_String\c-language-string.md" />
    <None Include="26_Exception\c-language-exception.md" />
  </ItemGroup>
  <ItemGroup>
    <Text Include="22_Struct\Struct.txt" />
  </ItemGroup>
</Project>